{
  "name": "npm-sum",
  "version": "1.0.0",
  "lockfileVersion": 3,
  "requires": true,
  "packages": {
    "": {
      "name": "npm-sum",
      "version": "1.0.0",
      "license": "ISC",
      "dependencies": {
        "tabou-npm-module": "^1.0.0"
      }
    },
    "node_modules/tabou-npm-module": {
      "version": "1.0.0",
      "resolved": "https://registry.npmjs.org/tabou-npm-module/-/tabou-npm-module-1.0.0.tgz",
      "integrity": "sha512-N+/N0n7/EQ2CLV1WHLzXLDVhTtMP97Urn/8lSY1DUsLs1fFS+ymP7eFv8OujRbCq2UmJi3iSJjNO+b+SVx7uog=="
    }
  }
}
